# This file is automatically @generated by Cargo.
# It is not intended for manual editing.
[[package]]
name = "common"
version = "0.1.0"

[[package]]
name = "cpu6502"
version = "0.1.0"
dependencies = [
 "common 0.1.0",
]

[[package]]
name = "ppu2c02"
version = "0.1.0"
dependencies = [
 "common 0.1.0",
]

